
Microsoft Visual Studio Solution File, Format Version 12.00
# Visual Studio Version 17
VisualStudioVersion = 17.4.33205.214
MinimumVisualStudioVersion = 10.0.40219.1
Project("{FAE04EC0-301F-11D3-BF4B-00C04F79EFBC}") = "StudentCRUDEntity", "StudentCRUDEntity\StudentCRUDEntity.csproj", "{2B5FDCD2-FD9D-467D-B7E2-ED7101DB17EA}"
EndProject
Project("{FAE04EC0-301F-11D3-BF4B-00C04F79EFBC}") = "CrudOperationsEntity", "CrudOperationsEntity\CrudOperationsEntity.csproj", "{5ECE829B-CA66-40E9-BEE0-6EE83CA874CA}"
EndProject
Global
	GlobalSection(SolutionConfigurationPlatforms) = preSolution
		Debug|Any CPU = Debug|Any CPU
		Release|Any CPU = Release|Any CPU
	EndGlobalSection
	GlobalSection(ProjectConfigurationPlatforms) = postSolution
		{2B5FDCD2-FD9D-467D-B7E2-ED7101DB17EA}.Debug|Any CPU.ActiveCfg = Debug|Any CPU
		{2B5FDCD2-FD9D-467D-B7E2-ED7101DB17EA}.Debug|Any CPU.Build.0 = Debug|Any CPU
		{2B5FDCD2-FD9D-467D-B7E2-ED7101DB17EA}.Release|Any CPU.ActiveCfg = Release|Any CPU
		{2B5FDCD2-FD9D-467D-B7E2-ED7101DB17EA}.Release|Any CPU.Build.0 = Release|Any CPU
		{5ECE829B-CA66-40E9-BEE0-6EE83CA874CA}.Debug|Any CPU.ActiveCfg = Debug|Any CPU
		{5ECE829B-CA66-40E9-BEE0-6EE83CA874CA}.Debug|Any CPU.Build.0 = Debug|Any CPU
		{5ECE829B-CA66-40E9-BEE0-6EE83CA874CA}.Release|Any CPU.ActiveCfg = Release|Any CPU
		{5ECE829B-CA66-40E9-BEE0-6EE83CA874CA}.Release|Any CPU.Build.0 = Release|Any CPU
	EndGlobalSection
	GlobalSection(SolutionProperties) = preSolution
		HideSolutionNode = FALSE
	EndGlobalSection
	GlobalSection(ExtensibilityGlobals) = postSolution
		SolutionGuid = {E69313DF-62D2-427A-B6A6-875BE86607BA}
	EndGlobalSection
EndGlobal
